
Microsoft Visual Studio Solution File, Format Version 12.00
# Visual Studio Version 17
VisualStudioVersion = 17.7.34031.279
MinimumVisualStudioVersion = 10.0.40219.1
Project("{FAE04EC0-301F-11D3-BF4B-00C04F79EFBC}") = "szemely_OOP_gyak", "szemely_OOP_gyak\szemely_OOP_gyak.csproj", "{26CDD8E8-5D24-4C35-B662-17D396E41C0E}"
EndProject
Global
	GlobalSection(SolutionConfigurationPlatforms) = preSolution
		Debug|Any CPU = Debug|Any CPU
		Release|Any CPU = Release|Any CPU
	EndGlobalSection
	GlobalSection(ProjectConfigurationPlatforms) = postSolution
		{26CDD8E8-5D24-4C35-B662-17D396E41C0E}.Debug|Any CPU.ActiveCfg = Debug|Any CPU
		{26CDD8E8-5D24-4C35-B662-17D396E41C0E}.Debug|Any CPU.Build.0 = Debug|Any CPU
		{26CDD8E8-5D24-4C35-B662-17D396E41C0E}.Release|Any CPU.ActiveCfg = Release|Any CPU
		{26CDD8E8-5D24-4C35-B662-17D396E41C0E}.Release|Any CPU.Build.0 = Release|Any CPU
	EndGlobalSection
	GlobalSection(SolutionProperties) = preSolution
		HideSolutionNode = FALSE
	EndGlobalSection
	GlobalSection(ExtensibilityGlobals) = postSolution
		SolutionGuid = {514B8F48-EF2F-46AA-8590-59703AE20631}
	EndGlobalSection
EndGlobal
